
Microsoft Visual Studio Solution File, Format Version 12.00
# Visual Studio Version 17
VisualStudioVersion = 17.1.32407.343
MinimumVisualStudioVersion = 10.0.40219.1
Project("{9A19103F-16F7-4668-BE54-9A1E7A4F7556}") = "WeatherTool", "WeatherTool\WeatherTool.csproj", "{84E69F2B-0FF6-48DD-AAB0-564ECEC4D755}"
EndProject
Project("{FAE04EC0-301F-11D3-BF4B-00C04F79EFBC}") = "WeatherTool.NUnit", "WeatherTool.NUnit\WeatherTool.NUnit.csproj", "{30605AC7-D2D8-4F09-8DCA-F8D9E73526D0}"
EndProject
Global
	GlobalSection(SolutionConfigurationPlatforms) = preSolution
		Debug|Any CPU = Debug|Any CPU
		Release|Any CPU = Release|Any CPU
	EndGlobalSection
	GlobalSection(ProjectConfigurationPlatforms) = postSolution
		{84E69F2B-0FF6-48DD-AAB0-564ECEC4D755}.Debug|Any CPU.ActiveCfg = Debug|Any CPU
		{84E69F2B-0FF6-48DD-AAB0-564ECEC4D755}.Debug|Any CPU.Build.0 = Debug|Any CPU
		{84E69F2B-0FF6-48DD-AAB0-564ECEC4D755}.Release|Any CPU.ActiveCfg = Release|Any CPU
		{84E69F2B-0FF6-48DD-AAB0-564ECEC4D755}.Release|Any CPU.Build.0 = Release|Any CPU
		{30605AC7-D2D8-4F09-8DCA-F8D9E73526D0}.Debug|Any CPU.ActiveCfg = Debug|Any CPU
		{30605AC7-D2D8-4F09-8DCA-F8D9E73526D0}.Debug|Any CPU.Build.0 = Debug|Any CPU
		{30605AC7-D2D8-4F09-8DCA-F8D9E73526D0}.Release|Any CPU.ActiveCfg = Release|Any CPU
		{30605AC7-D2D8-4F09-8DCA-F8D9E73526D0}.Release|Any CPU.Build.0 = Release|Any CPU
	EndGlobalSection
	GlobalSection(SolutionProperties) = preSolution
		HideSolutionNode = FALSE
	EndGlobalSection
	GlobalSection(ExtensibilityGlobals) = postSolution
		SolutionGuid = {DA89CE1F-F9FF-45A2-9F74-6E97DE62A320}
	EndGlobalSection
EndGlobal
